{
  "name": "hdc_pdf_api",
  "version": "1.0.0",
  "lockfileVersion": 3,
  "requires": true,
  "packages": {
    "": {
      "name": "hdc_pdf_api",
      "version": "1.0.0",
      "license": "ISC",
      "dependencies": {
        "@ai-sdk/google": "^0.0.7",
        "flash": "^1.1.0",
        "flask": "^0.2.10"
      }
    },
    "node_modules/@ai-sdk/google": {
      "version": "0.0.7",
      "resolved": "https://registry.npmjs.org/@ai-sdk/google/-/google-0.0.7.tgz",
      "integrity": "sha512-YJnJrkWMdAPhW9wi0Swbfhym30U9n/6KDF2nVob+wAHi96RCUBVNVD0dE02sa16w9QqCHbp6d+OA67LMB9v1yg==",
      "dependencies": {
        "@ai-sdk/provider": "0.0.2",
        "@ai-sdk/provider-utils": "0.0.3"
      },
      "engines": {
        "node": ">=18"
      },
      "peerDependencies": {
        "zod": "^3.0.0"
      },
      "peerDependenciesMeta": {
        "zod": {
          "optional": true
        }
      }
    },
    "node_modules/@ai-sdk/provider": {
      "version": "0.0.2",
      "resolved": "https://registry.npmjs.org/@ai-sdk/provider/-/provider-0.0.2.tgz",
      "integrity": "sha512-LDRx7TFWjuuW1V8bGCMvOk4ap5gNGeSxa6w65Y+pHskiLRk/nn+Z2xzMy1JjCTksUblu0i/plai4bOLgqkxJHA==",
      "dependencies": {
        "json-schema": "0.4.0"
      },
      "engines": {
        "node": ">=18"
      }
    },
    "node_modules/@ai-sdk/provider-utils": {
      "version": "0.0.3",
      "resolved": "https://registry.npmjs.org/@ai-sdk/provider-utils/-/provider-utils-0.0.3.tgz",
      "integrity": "sha512-13+4v62ylduGvwz8966SdnT1aoQRO4QkWzZJyVswdgmYeX2vrXuU4bssK578+FXIXc1jwi2hLZO8lqgLPT/xDA==",
      "dependencies": {
        "@ai-sdk/provider": "0.0.2",
        "eventsource-parser": "1.1.2",
        "nanoid": "3.3.6",
        "secure-json-parse": "2.7.0"
      },
      "engines": {
        "node": ">=18"
      },
      "peerDependencies": {
        "zod": "^3.0.0"
      },
      "peerDependenciesMeta": {
        "zod": {
          "optional": true
        }
      }
    },
    "node_modules/eventsource-parser": {
      "version": "1.1.2",
      "resolved": "https://registry.npmjs.org/eventsource-parser/-/eventsource-parser-1.1.2.tgz",
      "integrity": "sha512-v0eOBUbiaFojBu2s2NPBfYUoRR9GjcDNvCXVaqEf5vVfpIAh9f8RCo4vXTP8c63QRKCFwoLpMpTdPwwhEKVgzA==",
      "engines": {
        "node": ">=14.18"
      }
    },
    "node_modules/flash": {
      "version": "1.1.0",
      "resolved": "https://registry.npmjs.org/flash/-/flash-1.1.0.tgz",
      "integrity": "sha512-2pvqSI88nkPRSyh8kOJV0TqxlfLjZKS9b2jDf67RWGeIyicEGJoDovSyVS9zdiWbx/M9jzZkmFB5TSdaeBNSZA=="
    },
    "node_modules/flask": {
      "version": "0.2.10",
      "resolved": "https://registry.npmjs.org/flask/-/flask-0.2.10.tgz",
      "integrity": "sha512-Zy69KIuFsoX0o2W5uDHHk1GHMwRT8QT0AboPQY7b1soCfJ2pfwKxHF2AGVwJmDUjzawgOavoY/UsXnZ7fk3lVQ=="
    },
    "node_modules/json-schema": {
      "version": "0.4.0",
      "resolved": "https://registry.npmjs.org/json-schema/-/json-schema-0.4.0.tgz",
      "integrity": "sha512-es94M3nTIfsEPisRafak+HDLfHXnKBhV3vU5eqPcS3flIWqcxJWgXHXiey3YrpaNsanY5ei1VoYEbOzijuq9BA=="
    },
    "node_modules/nanoid": {
      "version": "3.3.6",
      "resolved": "https://registry.npmjs.org/nanoid/-/nanoid-3.3.6.tgz",
      "integrity": "sha512-BGcqMMJuToF7i1rt+2PWSNVnWIkGCU78jBG3RxO/bZlnZPK2Cmi2QaffxGO/2RvWi9sL+FAiRiXMgsyxQ1DIDA==",
      "funding": [
        {
          "type": "github",
          "url": "https://github.com/sponsors/ai"
        }
      ],
      "bin": {
        "nanoid": "bin/nanoid.cjs"
      },
      "engines": {
        "node": "^10 || ^12 || ^13.7 || ^14 || >=15.0.1"
      }
    },
    "node_modules/secure-json-parse": {
      "version": "2.7.0",
      "resolved": "https://registry.npmjs.org/secure-json-parse/-/secure-json-parse-2.7.0.tgz",
      "integrity": "sha512-6aU+Rwsezw7VR8/nyvKTx8QpWH9FrcYiXXlqC4z5d5XQBDRqtbfsRjnwGyqbi3gddNtWHuEk9OANUotL26qKUw=="
    }
  }
}
